
Microsoft Visual Studio Solution File, Format Version 12.00
# Visual Studio 15
VisualStudioVersion = 15.0.27703.2026
MinimumVisualStudioVersion = 10.0.40219.1
Project("{FAE04EC0-301F-11D3-BF4B-00C04F79EFBC}") = "TabSet.Android", "TabSet\TabSet.Android\TabSet.Android.csproj", "{30062E33-A01C-4B4D-9032-F4F8EC8CB37E}"
EndProject
Project("{FAE04EC0-301F-11D3-BF4B-00C04F79EFBC}") = "TabSet", "TabSet\TabSet\TabSet.csproj", "{11926C7B-2247-419A-8139-1C261FF522C6}"
EndProject
Global
	GlobalSection(SolutionConfigurationPlatforms) = preSolution
		Debug|Any CPU = Debug|Any CPU
		Release|Any CPU = Release|Any CPU
	EndGlobalSection
	GlobalSection(ProjectConfigurationPlatforms) = postSolution
		{30062E33-A01C-4B4D-9032-F4F8EC8CB37E}.Debug|Any CPU.ActiveCfg = Debug|Any CPU
		{30062E33-A01C-4B4D-9032-F4F8EC8CB37E}.Debug|Any CPU.Build.0 = Debug|Any CPU
		{30062E33-A01C-4B4D-9032-F4F8EC8CB37E}.Debug|Any CPU.Deploy.0 = Debug|Any CPU
		{30062E33-A01C-4B4D-9032-F4F8EC8CB37E}.Release|Any CPU.ActiveCfg = Release|Any CPU
		{30062E33-A01C-4B4D-9032-F4F8EC8CB37E}.Release|Any CPU.Build.0 = Release|Any CPU
		{30062E33-A01C-4B4D-9032-F4F8EC8CB37E}.Release|Any CPU.Deploy.0 = Release|Any CPU
		{11926C7B-2247-419A-8139-1C261FF522C6}.Debug|Any CPU.ActiveCfg = Debug|Any CPU
		{11926C7B-2247-419A-8139-1C261FF522C6}.Debug|Any CPU.Build.0 = Debug|Any CPU
		{11926C7B-2247-419A-8139-1C261FF522C6}.Debug|Any CPU.Deploy.0 = Debug|Any CPU
		{11926C7B-2247-419A-8139-1C261FF522C6}.Release|Any CPU.ActiveCfg = Release|Any CPU
		{11926C7B-2247-419A-8139-1C261FF522C6}.Release|Any CPU.Build.0 = Release|Any CPU
		{11926C7B-2247-419A-8139-1C261FF522C6}.Release|Any CPU.Deploy.0 = Release|Any CPU
	EndGlobalSection
	GlobalSection(SolutionProperties) = preSolution
		HideSolutionNode = FALSE
	EndGlobalSection
	GlobalSection(ExtensibilityGlobals) = postSolution
		SolutionGuid = {D41DE6A7-F30E-40AD-983D-750957F1864E}
	EndGlobalSection
EndGlobal
